
Microsoft Visual Studio Solution File, Format Version 12.00
# Visual Studio 2015
Project("{FAE04EC0-301F-11D3-BF4B-00C04F79EFBC}") = "Scitroid.CSharp", "Scitroid.CSharp.csproj", "{126107E9-FB26-2DC3-8730-B1F7C081F903}"
EndProject
Global
	GlobalSection(SolutionConfigurationPlatforms) = preSolution
		Debug|Any CPU = Debug|Any CPU
		Release|Any CPU = Release|Any CPU
	EndGlobalSection
	GlobalSection(ProjectConfigurationPlatforms) = postSolution
		{126107E9-FB26-2DC3-8730-B1F7C081F903}.Debug|Any CPU.ActiveCfg = Debug|Any CPU
		{126107E9-FB26-2DC3-8730-B1F7C081F903}.Debug|Any CPU.Build.0 = Debug|Any CPU
		{126107E9-FB26-2DC3-8730-B1F7C081F903}.Release|Any CPU.ActiveCfg = Release|Any CPU
		{126107E9-FB26-2DC3-8730-B1F7C081F903}.Release|Any CPU.Build.0 = Release|Any CPU
	EndGlobalSection
	GlobalSection(SolutionProperties) = preSolution
		HideSolutionNode = FALSE
	EndGlobalSection
EndGlobal
